
Microsoft Visual Studio Solution File, Format Version 12.00
# Visual Studio 15
VisualStudioVersion = 15.0.27004.2002
MinimumVisualStudioVersion = 10.0.40219.1
Project("{FAE04EC0-301F-11D3-BF4B-00C04F79EFBC}") = "TP03_Universidad", "TP03\TP03_Universidad.csproj", "{85E93BAA-D36E-4673-B4A8-3F2A4A6E4864}"
EndProject
Project("{FAE04EC0-301F-11D3-BF4B-00C04F79EFBC}") = "ClasesAbstractas", "ClasesAbstractas\ClasesAbstractas.csproj", "{550CE229-523A-495E-BDF9-A435DF1FE9D2}"
EndProject
Project("{FAE04EC0-301F-11D3-BF4B-00C04F79EFBC}") = "ClasesInstanciables", "ClasesInstanciables\ClasesInstanciables.csproj", "{33A473A8-E4A2-4EE8-99FA-3B9033032369}"
EndProject
Global
	GlobalSection(SolutionConfigurationPlatforms) = preSolution
		Debug|Any CPU = Debug|Any CPU
		Release|Any CPU = Release|Any CPU
	EndGlobalSection
	GlobalSection(ProjectConfigurationPlatforms) = postSolution
		{85E93BAA-D36E-4673-B4A8-3F2A4A6E4864}.Debug|Any CPU.ActiveCfg = Debug|Any CPU
		{85E93BAA-D36E-4673-B4A8-3F2A4A6E4864}.Debug|Any CPU.Build.0 = Debug|Any CPU
		{85E93BAA-D36E-4673-B4A8-3F2A4A6E4864}.Release|Any CPU.ActiveCfg = Release|Any CPU
		{85E93BAA-D36E-4673-B4A8-3F2A4A6E4864}.Release|Any CPU.Build.0 = Release|Any CPU
		{550CE229-523A-495E-BDF9-A435DF1FE9D2}.Debug|Any CPU.ActiveCfg = Debug|Any CPU
		{550CE229-523A-495E-BDF9-A435DF1FE9D2}.Debug|Any CPU.Build.0 = Debug|Any CPU
		{550CE229-523A-495E-BDF9-A435DF1FE9D2}.Release|Any CPU.ActiveCfg = Release|Any CPU
		{550CE229-523A-495E-BDF9-A435DF1FE9D2}.Release|Any CPU.Build.0 = Release|Any CPU
		{33A473A8-E4A2-4EE8-99FA-3B9033032369}.Debug|Any CPU.ActiveCfg = Debug|Any CPU
		{33A473A8-E4A2-4EE8-99FA-3B9033032369}.Debug|Any CPU.Build.0 = Debug|Any CPU
		{33A473A8-E4A2-4EE8-99FA-3B9033032369}.Release|Any CPU.ActiveCfg = Release|Any CPU
		{33A473A8-E4A2-4EE8-99FA-3B9033032369}.Release|Any CPU.Build.0 = Release|Any CPU
	EndGlobalSection
	GlobalSection(SolutionProperties) = preSolution
		HideSolutionNode = FALSE
	EndGlobalSection
	GlobalSection(ExtensibilityGlobals) = postSolution
		SolutionGuid = {D3AC1D9B-9C08-42C1-8E15-7725F6552ECA}
	EndGlobalSection
EndGlobal
